{
  "requires": true,
  "lockfileVersion": 1,
  "dependencies": {
    "arraylist": {
      "version": "0.1.0",
      "resolved": "https://registry.npmjs.org/arraylist/-/arraylist-0.1.0.tgz",
      "integrity": "sha1-dNAWg8MfLb4y2TSqhrpbK23GfaY=",
      "requires": {
        "underscore": "^1.6.0"
      }
    },
    "underscore": {
      "version": "1.10.2",
      "resolved": "https://registry.npmjs.org/underscore/-/underscore-1.10.2.tgz",
      "integrity": "sha512-N4P+Q/BuyuEKFJ43B9gYuOj4TQUHXX+j2FqguVOpjkssLUUrnJofCcBccJSCoeturDoZU6GorDTHSvUDlSQbTg=="
    }
  }
}
